
Microsoft Visual Studio Solution File, Format Version 12.00
# Visual Studio Version 16
VisualStudioVersion = 16.0.31515.178
MinimumVisualStudioVersion = 10.0.40219.1
Project("{FAE04EC0-301F-11D3-BF4B-00C04F79EFBC}") = "BubbleSort", "BubbleSort\BubbleSort.csproj", "{BE8AFACE-4BC9-4A36-9787-1E1279B6DDD1}"
EndProject
Global
	GlobalSection(SolutionConfigurationPlatforms) = preSolution
		Debug|Any CPU = Debug|Any CPU
		Release|Any CPU = Release|Any CPU
	EndGlobalSection
	GlobalSection(ProjectConfigurationPlatforms) = postSolution
		{BE8AFACE-4BC9-4A36-9787-1E1279B6DDD1}.Debug|Any CPU.ActiveCfg = Debug|Any CPU
		{BE8AFACE-4BC9-4A36-9787-1E1279B6DDD1}.Debug|Any CPU.Build.0 = Debug|Any CPU
		{BE8AFACE-4BC9-4A36-9787-1E1279B6DDD1}.Release|Any CPU.ActiveCfg = Release|Any CPU
		{BE8AFACE-4BC9-4A36-9787-1E1279B6DDD1}.Release|Any CPU.Build.0 = Release|Any CPU
	EndGlobalSection
	GlobalSection(SolutionProperties) = preSolution
		HideSolutionNode = FALSE
	EndGlobalSection
	GlobalSection(ExtensibilityGlobals) = postSolution
		SolutionGuid = {2A2A3D1A-D3BE-4C4B-9C1A-DCF7885D0EF7}
	EndGlobalSection
EndGlobal
