
Microsoft Visual Studio Solution File, Format Version 12.00
# Visual Studio Version 16
VisualStudioVersion = 16.0.31515.178
MinimumVisualStudioVersion = 10.0.40219.1
Project("{FAE04EC0-301F-11D3-BF4B-00C04F79EFBC}") = "Permutation", "Permutation\Permutation.csproj", "{FE4F0AC3-5938-470E-9427-653C5B9509BE}"
EndProject
Global
	GlobalSection(SolutionConfigurationPlatforms) = preSolution
		Debug|Any CPU = Debug|Any CPU
		Release|Any CPU = Release|Any CPU
	EndGlobalSection
	GlobalSection(ProjectConfigurationPlatforms) = postSolution
		{FE4F0AC3-5938-470E-9427-653C5B9509BE}.Debug|Any CPU.ActiveCfg = Debug|Any CPU
		{FE4F0AC3-5938-470E-9427-653C5B9509BE}.Debug|Any CPU.Build.0 = Debug|Any CPU
		{FE4F0AC3-5938-470E-9427-653C5B9509BE}.Release|Any CPU.ActiveCfg = Release|Any CPU
		{FE4F0AC3-5938-470E-9427-653C5B9509BE}.Release|Any CPU.Build.0 = Release|Any CPU
	EndGlobalSection
	GlobalSection(SolutionProperties) = preSolution
		HideSolutionNode = FALSE
	EndGlobalSection
	GlobalSection(ExtensibilityGlobals) = postSolution
		SolutionGuid = {3478543A-F5ED-4BF3-9E29-CCC02E23A3F3}
	EndGlobalSection
EndGlobal
