
Microsoft Visual Studio Solution File, Format Version 12.00
# Visual Studio Version 16
VisualStudioVersion = 16.0.31515.178
MinimumVisualStudioVersion = 10.0.40219.1
Project("{FAE04EC0-301F-11D3-BF4B-00C04F79EFBC}") = "PrimeNumbers", "PrimeNumbers\PrimeNumbers.csproj", "{EEA0CCB8-0EA4-4911-A979-43B1A01B4705}"
EndProject
Global
	GlobalSection(SolutionConfigurationPlatforms) = preSolution
		Debug|Any CPU = Debug|Any CPU
		Release|Any CPU = Release|Any CPU
	EndGlobalSection
	GlobalSection(ProjectConfigurationPlatforms) = postSolution
		{EEA0CCB8-0EA4-4911-A979-43B1A01B4705}.Debug|Any CPU.ActiveCfg = Debug|Any CPU
		{EEA0CCB8-0EA4-4911-A979-43B1A01B4705}.Debug|Any CPU.Build.0 = Debug|Any CPU
		{EEA0CCB8-0EA4-4911-A979-43B1A01B4705}.Release|Any CPU.ActiveCfg = Release|Any CPU
		{EEA0CCB8-0EA4-4911-A979-43B1A01B4705}.Release|Any CPU.Build.0 = Release|Any CPU
	EndGlobalSection
	GlobalSection(SolutionProperties) = preSolution
		HideSolutionNode = FALSE
	EndGlobalSection
	GlobalSection(ExtensibilityGlobals) = postSolution
		SolutionGuid = {CAFA3D9E-7BC2-4098-835F-46F1C7885C6F}
	EndGlobalSection
EndGlobal
